
Microsoft Visual Studio Solution File, Format Version 12.00
# Visual Studio Version 17
VisualStudioVersion = 17.9.34616.47
MinimumVisualStudioVersion = 10.0.40219.1
Project("{FAE04EC0-301F-11D3-BF4B-00C04F79EFBC}") = "PRY2Programacion", "PRY2Programacion.csproj", "{8AE71C29-50F0-4991-A0F1-7E21B9016C96}"
EndProject
Global
	GlobalSection(SolutionConfigurationPlatforms) = preSolution
		Debug|Any CPU = Debug|Any CPU
		Release|Any CPU = Release|Any CPU
	EndGlobalSection
	GlobalSection(ProjectConfigurationPlatforms) = postSolution
		{8AE71C29-50F0-4991-A0F1-7E21B9016C96}.Debug|Any CPU.ActiveCfg = Debug|Any CPU
		{8AE71C29-50F0-4991-A0F1-7E21B9016C96}.Debug|Any CPU.Build.0 = Debug|Any CPU
		{8AE71C29-50F0-4991-A0F1-7E21B9016C96}.Release|Any CPU.ActiveCfg = Release|Any CPU
		{8AE71C29-50F0-4991-A0F1-7E21B9016C96}.Release|Any CPU.Build.0 = Release|Any CPU
	EndGlobalSection
	GlobalSection(SolutionProperties) = preSolution
		HideSolutionNode = FALSE
	EndGlobalSection
	GlobalSection(ExtensibilityGlobals) = postSolution
		SolutionGuid = {12505202-6AD7-43EA-B193-DD2D09A199AF}
	EndGlobalSection
EndGlobal
